
Microsoft Visual Studio Solution File, Format Version 12.00
# Visual Studio 2012
Project("{f2a71f9b-5d33-465a-a702-920d77279786}") = "MusicSolitaireDemo", "MusicSolitaireDemo\MusicSolitaireDemo.fsproj", "{4F721B43-B4A2-4773-A18A-6AE5220F1D03}"
EndProject
Project("{f2a71f9b-5d33-465a-a702-920d77279786}") = "MusicSolitaireDemo.Tests", "MusicSolitaireDemo.Tests\MusicSolitaireDemo.Tests.fsproj", "{3FEF7EA7-303E-4E9D-9479-70A44C9CC75A}"
EndProject
Project("{f2a71f9b-5d33-465a-a702-920d77279786}") = "MusicSolitaireDemo", "MusicSolitaireDemo.Core\MusicSolitaireDemo.fsproj", "{7B47C76B-F265-46D8-B7B4-05EA1E10D898}"
EndProject
Global
	GlobalSection(SolutionConfigurationPlatforms) = preSolution
		Debug|iPhoneSimulator = Debug|iPhoneSimulator
		Release|iPhone = Release|iPhone
		Release|iPhoneSimulator = Release|iPhoneSimulator
		Debug|iPhone = Debug|iPhone
	EndGlobalSection
	GlobalSection(ProjectConfigurationPlatforms) = postSolution
		{4F721B43-B4A2-4773-A18A-6AE5220F1D03}.Debug|iPhoneSimulator.ActiveCfg = Debug|iPhoneSimulator
		{4F721B43-B4A2-4773-A18A-6AE5220F1D03}.Debug|iPhoneSimulator.Build.0 = Debug|iPhoneSimulator
		{4F721B43-B4A2-4773-A18A-6AE5220F1D03}.Release|iPhone.ActiveCfg = Release|iPhone
		{4F721B43-B4A2-4773-A18A-6AE5220F1D03}.Release|iPhone.Build.0 = Release|iPhone
		{4F721B43-B4A2-4773-A18A-6AE5220F1D03}.Release|iPhoneSimulator.ActiveCfg = Release|iPhoneSimulator
		{4F721B43-B4A2-4773-A18A-6AE5220F1D03}.Release|iPhoneSimulator.Build.0 = Release|iPhoneSimulator
		{4F721B43-B4A2-4773-A18A-6AE5220F1D03}.Debug|iPhone.ActiveCfg = Debug|iPhone
		{4F721B43-B4A2-4773-A18A-6AE5220F1D03}.Debug|iPhone.Build.0 = Debug|iPhone
		{3FEF7EA7-303E-4E9D-9479-70A44C9CC75A}.Debug|iPhoneSimulator.ActiveCfg = Debug|Any CPU
		{3FEF7EA7-303E-4E9D-9479-70A44C9CC75A}.Debug|iPhoneSimulator.Build.0 = Debug|Any CPU
		{3FEF7EA7-303E-4E9D-9479-70A44C9CC75A}.Release|iPhone.ActiveCfg = Release|Any CPU
		{3FEF7EA7-303E-4E9D-9479-70A44C9CC75A}.Release|iPhone.Build.0 = Release|Any CPU
		{3FEF7EA7-303E-4E9D-9479-70A44C9CC75A}.Release|iPhoneSimulator.ActiveCfg = Release|Any CPU
		{3FEF7EA7-303E-4E9D-9479-70A44C9CC75A}.Release|iPhoneSimulator.Build.0 = Release|Any CPU
		{3FEF7EA7-303E-4E9D-9479-70A44C9CC75A}.Debug|iPhone.ActiveCfg = Debug|Any CPU
		{3FEF7EA7-303E-4E9D-9479-70A44C9CC75A}.Debug|iPhone.Build.0 = Debug|Any CPU
		{7B47C76B-F265-46D8-B7B4-05EA1E10D898}.Debug|iPhoneSimulator.ActiveCfg = Debug|Any CPU
		{7B47C76B-F265-46D8-B7B4-05EA1E10D898}.Debug|iPhoneSimulator.Build.0 = Debug|Any CPU
		{7B47C76B-F265-46D8-B7B4-05EA1E10D898}.Release|iPhone.ActiveCfg = Release|Any CPU
		{7B47C76B-F265-46D8-B7B4-05EA1E10D898}.Release|iPhone.Build.0 = Release|Any CPU
		{7B47C76B-F265-46D8-B7B4-05EA1E10D898}.Release|iPhoneSimulator.ActiveCfg = Release|Any CPU
		{7B47C76B-F265-46D8-B7B4-05EA1E10D898}.Release|iPhoneSimulator.Build.0 = Release|Any CPU
		{7B47C76B-F265-46D8-B7B4-05EA1E10D898}.Debug|iPhone.ActiveCfg = Debug|Any CPU
		{7B47C76B-F265-46D8-B7B4-05EA1E10D898}.Debug|iPhone.Build.0 = Debug|Any CPU
	EndGlobalSection
EndGlobal
